// !$*UTF8*$!
{
	archiveVersion = 1;
	classes = {
	};
	objectVersion = 46;
	objects = {

/* Begin PBXBuildFile section */
		16C67F7B19359149006FF926 /* UIImageView+EXKit.m in Sources */ = {isa = PBXBuildFile; fileRef = 16C67F7A19359149006FF926 /* UIImageView+EXKit.m */; };
		16FA9ADA19319A320090D90F /* Foundation.framework in Frameworks */ = {isa = PBXBuildFile; fileRef = 16FA9AD919319A320090D90F /* Foundation.framework */; };
		16FA9AE819319A320090D90F /* XCTest.framework in Frameworks */ = {isa = PBXBuildFile; fileRef = 16FA9AE719319A320090D90F /* XCTest.framework */; };
		16FA9AE919319A320090D90F /* Foundation.framework in Frameworks */ = {isa = PBXBuildFile; fileRef = 16FA9AD919319A320090D90F /* Foundation.framework */; };
		16FA9AEB19319A320090D90F /* UIKit.framework in Frameworks */ = {isa = PBXBuildFile; fileRef = 16FA9AEA19319A320090D90F /* UIKit.framework */; };
		16FA9AEE19319A320090D90F /* libEXKit.a in Frameworks */ = {isa = PBXBuildFile; fileRef = 16FA9AD619319A320090D90F /* libEXKit.a */; };
		16FA9AF419319A320090D90F /* InfoPlist.strings in Resources */ = {isa = PBXBuildFile; fileRef = 16FA9AF219319A320090D90F /* InfoPlist.strings */; };
		16FA9AF619319A320090D90F /* EXKitTests.m in Sources */ = {isa = PBXBuildFile; fileRef = 16FA9AF519319A320090D90F /* EXKitTests.m */; };
		16FA9B7819319A8C0090D90F /* NSArray+EXKit.m in Sources */ = {isa = PBXBuildFile; fileRef = 16FA9B4719319A8C0090D90F /* NSArray+EXKit.m */; };
		16FA9B7919319A8C0090D90F /* NSMutableArray+EXKit.m in Sources */ = {isa = PBXBuildFile; fileRef = 16FA9B4919319A8C0090D90F /* NSMutableArray+EXKit.m */; };
		16FA9B7A19319A8C0090D90F /* NSObject+EXKit.m in Sources */ = {isa = PBXBuildFile; fileRef = 16FA9B4D19319A8C0090D90F /* NSObject+EXKit.m */; };
		16FA9B7B19319A8C0090D90F /* NSString+EXKit.m in Sources */ = {isa = PBXBuildFile; fileRef = 16FA9B5019319A8C0090D90F /* NSString+EXKit.m */; };
		16FA9B7C19319A8C0090D90F /* NSURL+EXKit.m in Sources */ = {isa = PBXBuildFile; fileRef = 16FA9B5219319A8C0090D90F /* NSURL+EXKit.m */; };
		16FA9B7D19319A8C0090D90F /* EXListenerList.m in Sources */ = {isa = PBXBuildFile; fileRef = 16FA9B5519319A8C0090D90F /* EXListenerList.m */; };
		16FA9B7F19319A8C0090D90F /* UIColor+EXKit.m in Sources */ = {isa = PBXBuildFile; fileRef = 16FA9B5B19319A8C0090D90F /* UIColor+EXKit.m */; };
		16FA9B8119319A8C0090D90F /* UIImage+EXKit.m in Sources */ = {isa = PBXBuildFile; fileRef = 16FA9B6519319A8C0090D90F /* UIImage+EXKit.m */; };
		16FA9B8219319A8C0090D90F /* UIBarButtonItem+EXKit.m in Sources */ = {isa = PBXBuildFile; fileRef = 16FA9B6919319A8C0090D90F /* UIBarButtonItem+EXKit.m */; };
		16FA9B8319319A8C0090D90F /* UIControl+EXKit.m in Sources */ = {isa = PBXBuildFile; fileRef = 16FA9B6B19319A8C0090D90F /* UIControl+EXKit.m */; };
		16FA9B8419319A8C0090D90F /* CALayer+EXKit.m in Sources */ = {isa = PBXBuildFile; fileRef = 16FA9B6E19319A8C0090D90F /* CALayer+EXKit.m */; };
		16FA9B8519319A8C0090D90F /* UINavigationController+EXKit.m in Sources */ = {isa = PBXBuildFile; fileRef = 16FA9B7119319A8C0090D90F /* UINavigationController+EXKit.m */; };
		16FA9B8619319A8C0090D90F /* UIView+EXKit.m in Sources */ = {isa = PBXBuildFile; fileRef = 16FA9B7419319A8C0090D90F /* UIView+EXKit.m */; };
/* End PBXBuildFile section */

/* Begin PBXContainerItemProxy section */
		16FA9AEC19319A320090D90F /* PBXContainerItemProxy */ = {
			isa = PBXContainerItemProxy;
			containerPortal = 16FA9ACE19319A320090D90F /* Project object */;
			proxyType = 1;
			remoteGlobalIDString = 16FA9AD519319A320090D90F;
			remoteInfo = EXKit;
		};
/* End PBXContainerItemProxy section */

/* Begin PBXCopyFilesBuildPhase section */
		16FA9AD419319A320090D90F /* CopyFiles */ = {
			isa = PBXCopyFilesBuildPhase;
			buildActionMask = 2147483647;
			dstPath = "include/$(PRODUCT_NAME)";
			dstSubfolderSpec = 16;
			files = (
			);
			runOnlyForDeploymentPostprocessing = 0;
		};
/* End PBXCopyFilesBuildPhase section */

/* Begin PBXFileReference section */
		16C67F7919359149006FF926 /* UIImageView+EXKit.h */ = {isa = PBXFileReference; fileEncoding = 4; lastKnownFileType = sourcecode.c.h; path = "UIImageView+EXKit.h"; sourceTree = "<group>"; };
		16C67F7A19359149006FF926 /* UIImageView+EXKit.m */ = {isa = PBXFileReference; fileEncoding = 4; lastKnownFileType = sourcecode.c.objc; path = "UIImageView+EXKit.m"; sourceTree = "<group>"; };
		16FA9AD619319A320090D90F /* libEXKit.a */ = {isa = PBXFileReference; explicitFileType = archive.ar; includeInIndex = 0; path = libEXKit.a; sourceTree = BUILT_PRODUCTS_DIR; };
		16FA9AD919319A320090D90F /* Foundation.framework */ = {isa = PBXFileReference; lastKnownFileType = wrapper.framework; name = Foundation.framework; path = System/Library/Frameworks/Foundation.framework; sourceTree = SDKROOT; };
		16FA9ADD19319A320090D90F /* EXKit-Prefix.pch */ = {isa = PBXFileReference; lastKnownFileType = sourcecode.c.h; path = "EXKit-Prefix.pch"; sourceTree = "<group>"; };
		16FA9AE619319A320090D90F /* EXKitTests.xctest */ = {isa = PBXFileReference; explicitFileType = wrapper.cfbundle; includeInIndex = 0; path = EXKitTests.xctest; sourceTree = BUILT_PRODUCTS_DIR; };
		16FA9AE719319A320090D90F /* XCTest.framework */ = {isa = PBXFileReference; lastKnownFileType = wrapper.framework; name = XCTest.framework; path = Library/Frameworks/XCTest.framework; sourceTree = DEVELOPER_DIR; };
		16FA9AEA19319A320090D90F /* UIKit.framework */ = {isa = PBXFileReference; lastKnownFileType = wrapper.framework; name = UIKit.framework; path = Library/Frameworks/UIKit.framework; sourceTree = DEVELOPER_DIR; };
		16FA9AF119319A320090D90F /* EXKitTests-Info.plist */ = {isa = PBXFileReference; lastKnownFileType = text.plist.xml; path = "EXKitTests-Info.plist"; sourceTree = "<group>"; };
		16FA9AF319319A320090D90F /* en */ = {isa = PBXFileReference; lastKnownFileType = text.plist.strings; name = en; path = en.lproj/InfoPlist.strings; sourceTree = "<group>"; };
		16FA9AF519319A320090D90F /* EXKitTests.m */ = {isa = PBXFileReference; lastKnownFileType = sourcecode.c.objc; path = EXKitTests.m; sourceTree = "<group>"; };
		16FA9B4619319A8C0090D90F /* NSArray+EXKit.h */ = {isa = PBXFileReference; fileEncoding = 4; lastKnownFileType = sourcecode.c.h; lineEnding = 0; path = "NSArray+EXKit.h"; sourceTree = "<group>"; xcLanguageSpecificationIdentifier = xcode.lang.objcpp; };
		16FA9B4719319A8C0090D90F /* NSArray+EXKit.m */ = {isa = PBXFileReference; fileEncoding = 4; lastKnownFileType = sourcecode.c.objc; lineEnding = 0; path = "NSArray+EXKit.m"; sourceTree = "<group>"; xcLanguageSpecificationIdentifier = xcode.lang.objc; };
		16FA9B4819319A8C0090D90F /* NSMutableArray+EXKit.h */ = {isa = PBXFileReference; fileEncoding = 4; lastKnownFileType = sourcecode.c.h; lineEnding = 0; path = "NSMutableArray+EXKit.h"; sourceTree = "<group>"; xcLanguageSpecificationIdentifier = xcode.lang.objcpp; };
		16FA9B4919319A8C0090D90F /* NSMutableArray+EXKit.m */ = {isa = PBXFileReference; fileEncoding = 4; lastKnownFileType = sourcecode.c.objc; lineEnding = 0; path = "NSMutableArray+EXKit.m"; sourceTree = "<group>"; xcLanguageSpecificationIdentifier = xcode.lang.objc; };
		16FA9B4B19319A8C0090D90F /* GCD+EXKit.h */ = {isa = PBXFileReference; fileEncoding = 4; lastKnownFileType = sourcecode.c.h; lineEnding = 0; path = "GCD+EXKit.h"; sourceTree = "<group>"; xcLanguageSpecificationIdentifier = xcode.lang.objcpp; };
		16FA9B4C19319A8C0090D90F /* NSObject+EXKit.h */ = {isa = PBXFileReference; fileEncoding = 4; lastKnownFileType = sourcecode.c.h; path = "NSObject+EXKit.h"; sourceTree = "<group>"; };
		16FA9B4D19319A8C0090D90F /* NSObject+EXKit.m */ = {isa = PBXFileReference; fileEncoding = 4; lastKnownFileType = sourcecode.c.objc; path = "NSObject+EXKit.m"; sourceTree = "<group>"; };
		16FA9B4F19319A8C0090D90F /* NSString+EXKit.h */ = {isa = PBXFileReference; fileEncoding = 4; lastKnownFileType = sourcecode.c.h; path = "NSString+EXKit.h"; sourceTree = "<group>"; };
		16FA9B5019319A8C0090D90F /* NSString+EXKit.m */ = {isa = PBXFileReference; fileEncoding = 4; lastKnownFileType = sourcecode.c.objc; path = "NSString+EXKit.m"; sourceTree = "<group>"; };
		16FA9B5119319A8C0090D90F /* NSURL+EXKit.h */ = {isa = PBXFileReference; fileEncoding = 4; lastKnownFileType = sourcecode.c.h; path = "NSURL+EXKit.h"; sourceTree = "<group>"; };
		16FA9B5219319A8C0090D90F /* NSURL+EXKit.m */ = {isa = PBXFileReference; fileEncoding = 4; lastKnownFileType = sourcecode.c.objc; path = "NSURL+EXKit.m"; sourceTree = "<group>"; };
		16FA9B5419319A8C0090D90F /* EXListenerList.h */ = {isa = PBXFileReference; fileEncoding = 4; lastKnownFileType = sourcecode.c.h; lineEnding = 0; path = EXListenerList.h; sourceTree = "<group>"; xcLanguageSpecificationIdentifier = xcode.lang.objcpp; };
		16FA9B5519319A8C0090D90F /* EXListenerList.m */ = {isa = PBXFileReference; fileEncoding = 4; lastKnownFileType = sourcecode.c.objc; lineEnding = 0; path = EXListenerList.m; sourceTree = "<group>"; xcLanguageSpecificationIdentifier = xcode.lang.objc; };
		16FA9B5A19319A8C0090D90F /* UIColor+EXKit.h */ = {isa = PBXFileReference; fileEncoding = 4; lastKnownFileType = sourcecode.c.h; path = "UIColor+EXKit.h"; sourceTree = "<group>"; };
		16FA9B5B19319A8C0090D90F /* UIColor+EXKit.m */ = {isa = PBXFileReference; fileEncoding = 4; lastKnownFileType = sourcecode.c.objc; path = "UIColor+EXKit.m"; sourceTree = "<group>"; };
		16FA9B6019319A8C0090D90F /* CGRect+EXKit.h */ = {isa = PBXFileReference; fileEncoding = 4; lastKnownFileType = sourcecode.c.h; lineEnding = 0; path = "CGRect+EXKit.h"; sourceTree = "<group>"; xcLanguageSpecificationIdentifier = xcode.lang.objcpp; };
		16FA9B6119319A8C0090D90F /* CGSize+EXKit.h */ = {isa = PBXFileReference; fileEncoding = 4; lastKnownFileType = sourcecode.c.h; lineEnding = 0; path = "CGSize+EXKit.h"; sourceTree = "<group>"; xcLanguageSpecificationIdentifier = xcode.lang.objcpp; };
		16FA9B6219319A8C0090D90F /* UIEdgeInsets+EXKit.h */ = {isa = PBXFileReference; fileEncoding = 4; lastKnownFileType = sourcecode.c.h; path = "UIEdgeInsets+EXKit.h"; sourceTree = "<group>"; };
		16FA9B6419319A8C0090D90F /* UIImage+EXKit.h */ = {isa = PBXFileReference; fileEncoding = 4; lastKnownFileType = sourcecode.c.h; path = "UIImage+EXKit.h"; sourceTree = "<group>"; };
		16FA9B6519319A8C0090D90F /* UIImage+EXKit.m */ = {isa = PBXFileReference; fileEncoding = 4; lastKnownFileType = sourcecode.c.objc; path = "UIImage+EXKit.m"; sourceTree = "<group>"; };
		16FA9B6819319A8C0090D90F /* UIBarButtonItem+EXKit.h */ = {isa = PBXFileReference; fileEncoding = 4; lastKnownFileType = sourcecode.c.h; path = "UIBarButtonItem+EXKit.h"; sourceTree = "<group>"; };
		16FA9B6919319A8C0090D90F /* UIBarButtonItem+EXKit.m */ = {isa = PBXFileReference; fileEncoding = 4; lastKnownFileType = sourcecode.c.objc; path = "UIBarButtonItem+EXKit.m"; sourceTree = "<group>"; };
		16FA9B6A19319A8C0090D90F /* UIControl+EXKit.h */ = {isa = PBXFileReference; fileEncoding = 4; lastKnownFileType = sourcecode.c.h; path = "UIControl+EXKit.h"; sourceTree = "<group>"; };
		16FA9B6B19319A8C0090D90F /* UIControl+EXKit.m */ = {isa = PBXFileReference; fileEncoding = 4; lastKnownFileType = sourcecode.c.objc; path = "UIControl+EXKit.m"; sourceTree = "<group>"; };
		16FA9B6D19319A8C0090D90F /* CALayer+EXKit.h */ = {isa = PBXFileReference; fileEncoding = 4; lastKnownFileType = sourcecode.c.h; lineEnding = 0; path = "CALayer+EXKit.h"; sourceTree = "<group>"; xcLanguageSpecificationIdentifier = xcode.lang.objcpp; };
		16FA9B6E19319A8C0090D90F /* CALayer+EXKit.m */ = {isa = PBXFileReference; fileEncoding = 4; lastKnownFileType = sourcecode.c.objc; lineEnding = 0; path = "CALayer+EXKit.m"; sourceTree = "<group>"; xcLanguageSpecificationIdentifier = xcode.lang.objc; };
		16FA9B7019319A8C0090D90F /* UINavigationController+EXKit.h */ = {isa = PBXFileReference; fileEncoding = 4; lastKnownFileType = sourcecode.c.h; path = "UINavigationController+EXKit.h"; sourceTree = "<group>"; };
		16FA9B7119319A8C0090D90F /* UINavigationController+EXKit.m */ = {isa = PBXFileReference; fileEncoding = 4; lastKnownFileType = sourcecode.c.objc; path = "UINavigationController+EXKit.m"; sourceTree = "<group>"; };
		16FA9B7319319A8C0090D90F /* UIView+EXKit.h */ = {isa = PBXFileReference; fileEncoding = 4; lastKnownFileType = sourcecode.c.h; path = "UIView+EXKit.h"; sourceTree = "<group>"; };
		16FA9B7419319A8C0090D90F /* UIView+EXKit.m */ = {isa = PBXFileReference; fileEncoding = 4; lastKnownFileType = sourcecode.c.objc; path = "UIView+EXKit.m"; sourceTree = "<group>"; };
		16FA9B7519319A8C0090D90F /* EXKit.h */ = {isa = PBXFileReference; fileEncoding = 4; lastKnownFileType = sourcecode.c.h; lineEnding = 0; path = EXKit.h; sourceTree = "<group>"; xcLanguageSpecificationIdentifier = xcode.lang.objcpp; };
		16FA9B7719319A8C0090D90F /* macros.h */ = {isa = PBXFileReference; fileEncoding = 4; lastKnownFileType = sourcecode.c.h; lineEnding = 0; path = macros.h; sourceTree = "<group>"; xcLanguageSpecificationIdentifier = xcode.lang.objcpp; };
/* End PBXFileReference section */

/* Begin PBXFrameworksBuildPhase section */
		16FA9AD319319A320090D90F /* Frameworks */ = {
			isa = PBXFrameworksBuildPhase;
			buildActionMask = 2147483647;
			files = (
				16FA9ADA19319A320090D90F /* Foundation.framework in Frameworks */,
			);
			runOnlyForDeploymentPostprocessing = 0;
		};
		16FA9AE319319A320090D90F /* Frameworks */ = {
			isa = PBXFrameworksBuildPhase;
			buildActionMask = 2147483647;
			files = (
				16FA9AE819319A320090D90F /* XCTest.framework in Frameworks */,
				16FA9AEE19319A320090D90F /* libEXKit.a in Frameworks */,
				16FA9AEB19319A320090D90F /* UIKit.framework in Frameworks */,
				16FA9AE919319A320090D90F /* Foundation.framework in Frameworks */,
			);
			runOnlyForDeploymentPostprocessing = 0;
		};
/* End PBXFrameworksBuildPhase section */

/* Begin PBXGroup section */
		16FA9ACD19319A320090D90F = {
			isa = PBXGroup;
			children = (
				16FA9ADB19319A320090D90F /* EXKit */,
				16FA9AEF19319A320090D90F /* EXKitTests */,
				16FA9AD819319A320090D90F /* Frameworks */,
				16FA9AD719319A320090D90F /* Products */,
			);
			sourceTree = "<group>";
		};
		16FA9AD719319A320090D90F /* Products */ = {
			isa = PBXGroup;
			children = (
				16FA9AD619319A320090D90F /* libEXKit.a */,
				16FA9AE619319A320090D90F /* EXKitTests.xctest */,
			);
			name = Products;
			sourceTree = "<group>";
		};
		16FA9AD819319A320090D90F /* Frameworks */ = {
			isa = PBXGroup;
			children = (
				16FA9AD919319A320090D90F /* Foundation.framework */,
				16FA9AE719319A320090D90F /* XCTest.framework */,
				16FA9AEA19319A320090D90F /* UIKit.framework */,
			);
			name = Frameworks;
			sourceTree = "<group>";
		};
		16FA9ADB19319A320090D90F /* EXKit */ = {
			isa = PBXGroup;
			children = (
				16FA9B4419319A8C0090D90F /* core */,
				16FA9B5319319A8C0090D90F /* events */,
				16FA9B5819319A8C0090D90F /* graphics */,
				16FA9B6619319A8C0090D90F /* gui */,
				16FA9B7519319A8C0090D90F /* EXKit.h */,
				16FA9B7619319A8C0090D90F /* utilities */,
				16FA9ADC19319A320090D90F /* Supporting Files */,
			);
			path = EXKit;
			sourceTree = "<group>";
		};
		16FA9ADC19319A320090D90F /* Supporting Files */ = {
			isa = PBXGroup;
			children = (
				16FA9ADD19319A320090D90F /* EXKit-Prefix.pch */,
			);
			name = "Supporting Files";
			sourceTree = "<group>";
		};
		16FA9AEF19319A320090D90F /* EXKitTests */ = {
			isa = PBXGroup;
			children = (
				16FA9AF519319A320090D90F /* EXKitTests.m */,
				16FA9AF019319A320090D90F /* Supporting Files */,
			);
			path = EXKitTests;
			sourceTree = "<group>";
		};
		16FA9AF019319A320090D90F /* Supporting Files */ = {
			isa = PBXGroup;
			children = (
				16FA9AF119319A320090D90F /* EXKitTests-Info.plist */,
				16FA9AF219319A320090D90F /* InfoPlist.strings */,
			);
			name = "Supporting Files";
			sourceTree = "<group>";
		};
		16FA9B4419319A8C0090D90F /* core */ = {
			isa = PBXGroup;
			children = (
				16FA9B4519319A8C0090D90F /* containers */,
				16FA9B4A19319A8C0090D90F /* gcd */,
				16FA9B4C19319A8C0090D90F /* NSObject+EXKit.h */,
				16FA9B4D19319A8C0090D90F /* NSObject+EXKit.m */,
				16FA9B4E19319A8C0090D90F /* text */,
			);
			path = core;
			sourceTree = "<group>";
		};
		16FA9B4519319A8C0090D90F /* containers */ = {
			isa = PBXGroup;
			children = (
				16FA9B4619319A8C0090D90F /* NSArray+EXKit.h */,
				16FA9B4719319A8C0090D90F /* NSArray+EXKit.m */,
				16FA9B4819319A8C0090D90F /* NSMutableArray+EXKit.h */,
				16FA9B4919319A8C0090D90F /* NSMutableArray+EXKit.m */,
			);
			path = containers;
			sourceTree = "<group>";
		};
		16FA9B4A19319A8C0090D90F /* gcd */ = {
			isa = PBXGroup;
			children = (
				16FA9B4B19319A8C0090D90F /* GCD+EXKit.h */,
			);
			path = gcd;
			sourceTree = "<group>";
		};
		16FA9B4E19319A8C0090D90F /* text */ = {
			isa = PBXGroup;
			children = (
				16FA9B4F19319A8C0090D90F /* NSString+EXKit.h */,
				16FA9B5019319A8C0090D90F /* NSString+EXKit.m */,
				16FA9B5119319A8C0090D90F /* NSURL+EXKit.h */,
				16FA9B5219319A8C0090D90F /* NSURL+EXKit.m */,
			);
			path = text;
			sourceTree = "<group>";
		};
		16FA9B5319319A8C0090D90F /* events */ = {
			isa = PBXGroup;
			children = (
				16FA9B5419319A8C0090D90F /* EXListenerList.h */,
				16FA9B5519319A8C0090D90F /* EXListenerList.m */,
			);
			path = events;
			sourceTree = "<group>";
		};
		16FA9B5819319A8C0090D90F /* graphics */ = {
			isa = PBXGroup;
			children = (
				16FA9B5919319A8C0090D90F /* color */,
				16FA9B5F19319A8C0090D90F /* geometry */,
				16FA9B6319319A8C0090D90F /* image */,
			);
			path = graphics;
			sourceTree = "<group>";
		};
		16FA9B5919319A8C0090D90F /* color */ = {
			isa = PBXGroup;
			children = (
				16FA9B5A19319A8C0090D90F /* UIColor+EXKit.h */,
				16FA9B5B19319A8C0090D90F /* UIColor+EXKit.m */,
			);
			path = color;
			sourceTree = "<group>";
		};
		16FA9B5F19319A8C0090D90F /* geometry */ = {
			isa = PBXGroup;
			children = (
				16FA9B6019319A8C0090D90F /* CGRect+EXKit.h */,
				16FA9B6119319A8C0090D90F /* CGSize+EXKit.h */,
				16FA9B6219319A8C0090D90F /* UIEdgeInsets+EXKit.h */,
			);
			path = geometry;
			sourceTree = "<group>";
		};
		16FA9B6319319A8C0090D90F /* image */ = {
			isa = PBXGroup;
			children = (
				16FA9B6419319A8C0090D90F /* UIImage+EXKit.h */,
				16FA9B6519319A8C0090D90F /* UIImage+EXKit.m */,
			);
			path = image;
			sourceTree = "<group>";
		};
		16FA9B6619319A8C0090D90F /* gui */ = {
			isa = PBXGroup;
			children = (
				16FA9B6719319A8C0090D90F /* buttons */,
				16FA9B6C19319A8C0090D90F /* layers */,
				16FA9B6F19319A8C0090D90F /* navigation */,
				16FA9B7219319A8C0090D90F /* views */,
			);
			path = gui;
			sourceTree = "<group>";
		};
		16FA9B6719319A8C0090D90F /* buttons */ = {
			isa = PBXGroup;
			children = (
				16FA9B6819319A8C0090D90F /* UIBarButtonItem+EXKit.h */,
				16FA9B6919319A8C0090D90F /* UIBarButtonItem+EXKit.m */,
				16FA9B6A19319A8C0090D90F /* UIControl+EXKit.h */,
				16FA9B6B19319A8C0090D90F /* UIControl+EXKit.m */,
			);
			path = buttons;
			sourceTree = "<group>";
		};
		16FA9B6C19319A8C0090D90F /* layers */ = {
			isa = PBXGroup;
			children = (
				16FA9B6D19319A8C0090D90F /* CALayer+EXKit.h */,
				16FA9B6E19319A8C0090D90F /* CALayer+EXKit.m */,
			);
			path = layers;
			sourceTree = "<group>";
		};
		16FA9B6F19319A8C0090D90F /* navigation */ = {
			isa = PBXGroup;
			children = (
				16FA9B7019319A8C0090D90F /* UINavigationController+EXKit.h */,
				16FA9B7119319A8C0090D90F /* UINavigationController+EXKit.m */,
			);
			path = navigation;
			sourceTree = "<group>";
		};
		16FA9B7219319A8C0090D90F /* views */ = {
			isa = PBXGroup;
			children = (
				16C67F7919359149006FF926 /* UIImageView+EXKit.h */,
				16C67F7A19359149006FF926 /* UIImageView+EXKit.m */,
				16FA9B7319319A8C0090D90F /* UIView+EXKit.h */,
				16FA9B7419319A8C0090D90F /* UIView+EXKit.m */,
			);
			path = views;
			sourceTree = "<group>";
		};
		16FA9B7619319A8C0090D90F /* utilities */ = {
			isa = PBXGroup;
			children = (
				16FA9B7719319A8C0090D90F /* macros.h */,
			);
			path = utilities;
			sourceTree = "<group>";
		};
/* End PBXGroup section */

/* Begin PBXNativeTarget section */
		16FA9AD519319A320090D90F /* EXKit */ = {
			isa = PBXNativeTarget;
			buildConfigurationList = 16FA9AF919319A320090D90F /* Build configuration list for PBXNativeTarget "EXKit" */;
			buildPhases = (
				16FA9AD219319A320090D90F /* Sources */,
				16FA9AD319319A320090D90F /* Frameworks */,
				16FA9AD419319A320090D90F /* CopyFiles */,
			);
			buildRules = (
			);
			dependencies = (
			);
			name = EXKit;
			productName = EXKit;
			productReference = 16FA9AD619319A320090D90F /* libEXKit.a */;
			productType = "com.apple.product-type.library.static";
		};
		16FA9AE519319A320090D90F /* EXKitTests */ = {
			isa = PBXNativeTarget;
			buildConfigurationList = 16FA9AFC19319A320090D90F /* Build configuration list for PBXNativeTarget "EXKitTests" */;
			buildPhases = (
				16FA9AE219319A320090D90F /* Sources */,
				16FA9AE319319A320090D90F /* Frameworks */,
				16FA9AE419319A320090D90F /* Resources */,
			);
			buildRules = (
			);
			dependencies = (
				16FA9AED19319A320090D90F /* PBXTargetDependency */,
			);
			name = EXKitTests;
			productName = EXKitTests;
			productReference = 16FA9AE619319A320090D90F /* EXKitTests.xctest */;
			productType = "com.apple.product-type.bundle.unit-test";
		};
/* End PBXNativeTarget section */

/* Begin PBXProject section */
		16FA9ACE19319A320090D90F /* Project object */ = {
			isa = PBXProject;
			attributes = {
				LastUpgradeCheck = 0510;
				ORGANIZATIONNAME = "Jacob Sologub";
			};
			buildConfigurationList = 16FA9AD119319A320090D90F /* Build configuration list for PBXProject "EXKit" */;
			compatibilityVersion = "Xcode 3.2";
			developmentRegion = English;
			hasScannedForEncodings = 0;
			knownRegions = (
				en,
			);
			mainGroup = 16FA9ACD19319A320090D90F;
			productRefGroup = 16FA9AD719319A320090D90F /* Products */;
			projectDirPath = "";
			projectRoot = "";
			targets = (
				16FA9AD519319A320090D90F /* EXKit */,
				16FA9AE519319A320090D90F /* EXKitTests */,
			);
		};
/* End PBXProject section */

/* Begin PBXResourcesBuildPhase section */
		16FA9AE419319A320090D90F /* Resources */ = {
			isa = PBXResourcesBuildPhase;
			buildActionMask = 2147483647;
			files = (
				16FA9AF419319A320090D90F /* InfoPlist.strings in Resources */,
			);
			runOnlyForDeploymentPostprocessing = 0;
		};
/* End PBXResourcesBuildPhase section */

/* Begin PBXSourcesBuildPhase section */
		16FA9AD219319A320090D90F /* Sources */ = {
			isa = PBXSourcesBuildPhase;
			buildActionMask = 2147483647;
			files = (
				16FA9B7919319A8C0090D90F /* NSMutableArray+EXKit.m in Sources */,
				16FA9B8519319A8C0090D90F /* UINavigationController+EXKit.m in Sources */,
				16FA9B8619319A8C0090D90F /* UIView+EXKit.m in Sources */,
				16FA9B8219319A8C0090D90F /* UIBarButtonItem+EXKit.m in Sources */,
				16FA9B7819319A8C0090D90F /* NSArray+EXKit.m in Sources */,
				16FA9B7F19319A8C0090D90F /* UIColor+EXKit.m in Sources */,
				16FA9B7C19319A8C0090D90F /* NSURL+EXKit.m in Sources */,
				16FA9B8319319A8C0090D90F /* UIControl+EXKit.m in Sources */,
				16FA9B7D19319A8C0090D90F /* EXListenerList.m in Sources */,
				16FA9B8119319A8C0090D90F /* UIImage+EXKit.m in Sources */,
				16FA9B8419319A8C0090D90F /* CALayer+EXKit.m in Sources */,
				16FA9B7B19319A8C0090D90F /* NSString+EXKit.m in Sources */,
				16C67F7B19359149006FF926 /* UIImageView+EXKit.m in Sources */,
				16FA9B7A19319A8C0090D90F /* NSObject+EXKit.m in Sources */,
			);
			runOnlyForDeploymentPostprocessing = 0;
		};
		16FA9AE219319A320090D90F /* Sources */ = {
			isa = PBXSourcesBuildPhase;
			buildActionMask = 2147483647;
			files = (
				16FA9AF619319A320090D90F /* EXKitTests.m in Sources */,
			);
			runOnlyForDeploymentPostprocessing = 0;
		};
/* End PBXSourcesBuildPhase section */

/* Begin PBXTargetDependency section */
		16FA9AED19319A320090D90F /* PBXTargetDependency */ = {
			isa = PBXTargetDependency;
			target = 16FA9AD519319A320090D90F /* EXKit */;
			targetProxy = 16FA9AEC19319A320090D90F /* PBXContainerItemProxy */;
		};
/* End PBXTargetDependency section */

/* Begin PBXVariantGroup section */
		16FA9AF219319A320090D90F /* InfoPlist.strings */ = {
			isa = PBXVariantGroup;
			children = (
				16FA9AF319319A320090D90F /* en */,
			);
			name = InfoPlist.strings;
			sourceTree = "<group>";
		};
/* End PBXVariantGroup section */

/* Begin XCBuildConfiguration section */
		16FA9AF719319A320090D90F /* Debug */ = {
			isa = XCBuildConfiguration;
			buildSettings = {
				ALWAYS_SEARCH_USER_PATHS = NO;
				CLANG_CXX_LANGUAGE_STANDARD = "gnu++0x";
				CLANG_CXX_LIBRARY = "libc++";
				CLANG_ENABLE_MODULES = YES;
				CLANG_ENABLE_OBJC_ARC = YES;
				CLANG_WARN_BOOL_CONVERSION = YES;
				CLANG_WARN_CONSTANT_CONVERSION = YES;
				CLANG_WARN_DIRECT_OBJC_ISA_USAGE = YES_ERROR;
				CLANG_WARN_EMPTY_BODY = YES;
				CLANG_WARN_ENUM_CONVERSION = YES;
				CLANG_WARN_INT_CONVERSION = YES;
				CLANG_WARN_OBJC_ROOT_CLASS = YES_ERROR;
				CLANG_WARN__DUPLICATE_METHOD_MATCH = YES;
				COPY_PHASE_STRIP = NO;
				GCC_C_LANGUAGE_STANDARD = gnu99;
				GCC_DYNAMIC_NO_PIC = NO;
				GCC_OPTIMIZATION_LEVEL = 0;
				GCC_PREPROCESSOR_DEFINITIONS = (
					"DEBUG=1",
					"$(inherited)",
				);
				GCC_SYMBOLS_PRIVATE_EXTERN = NO;
				GCC_WARN_64_TO_32_BIT_CONVERSION = YES;
				GCC_WARN_ABOUT_RETURN_TYPE = YES_ERROR;
				GCC_WARN_UNDECLARED_SELECTOR = YES;
				GCC_WARN_UNINITIALIZED_AUTOS = YES_AGGRESSIVE;
				GCC_WARN_UNUSED_FUNCTION = YES;
				GCC_WARN_UNUSED_VARIABLE = YES;
				IPHONEOS_DEPLOYMENT_TARGET = 7.1;
				ONLY_ACTIVE_ARCH = YES;
				SDKROOT = iphoneos;
			};
			name = Debug;
		};
		16FA9AF819319A320090D90F /* Release */ = {
			isa = XCBuildConfiguration;
			buildSettings = {
				ALWAYS_SEARCH_USER_PATHS = NO;
				CLANG_CXX_LANGUAGE_STANDARD = "gnu++0x";
				CLANG_CXX_LIBRARY = "libc++";
				CLANG_ENABLE_MODULES = YES;
				CLANG_ENABLE_OBJC_ARC = YES;
				CLANG_WARN_BOOL_CONVERSION = YES;
				CLANG_WARN_CONSTANT_CONVERSION = YES;
				CLANG_WARN_DIRECT_OBJC_ISA_USAGE = YES_ERROR;
				CLANG_WARN_EMPTY_BODY = YES;
				CLANG_WARN_ENUM_CONVERSION = YES;
				CLANG_WARN_INT_CONVERSION = YES;
				CLANG_WARN_OBJC_ROOT_CLASS = YES_ERROR;
				CLANG_WARN__DUPLICATE_METHOD_MATCH = YES;
				COPY_PHASE_STRIP = YES;
				ENABLE_NS_ASSERTIONS = NO;
				GCC_C_LANGUAGE_STANDARD = gnu99;
				GCC_WARN_64_TO_32_BIT_CONVERSION = YES;
				GCC_WARN_ABOUT_RETURN_TYPE = YES_ERROR;
				GCC_WARN_UNDECLARED_SELECTOR = YES;
				GCC_WARN_UNINITIALIZED_AUTOS = YES_AGGRESSIVE;
				GCC_WARN_UNUSED_FUNCTION = YES;
				GCC_WARN_UNUSED_VARIABLE = YES;
				IPHONEOS_DEPLOYMENT_TARGET = 7.1;
				SDKROOT = iphoneos;
				VALIDATE_PRODUCT = YES;
			};
			name = Release;
		};
		16FA9AFA19319A320090D90F /* Debug */ = {
			isa = XCBuildConfiguration;
			buildSettings = {
				DSTROOT = /tmp/EXKit.dst;
				GCC_PRECOMPILE_PREFIX_HEADER = YES;
				GCC_PREFIX_HEADER = "EXKit/EXKit-Prefix.pch";
				OTHER_LDFLAGS = "-ObjC";
				PRODUCT_NAME = "$(TARGET_NAME)";
				SKIP_INSTALL = YES;
			};
			name = Debug;
		};
		16FA9AFB19319A320090D90F /* Release */ = {
			isa = XCBuildConfiguration;
			buildSettings = {
				DSTROOT = /tmp/EXKit.dst;
				GCC_PRECOMPILE_PREFIX_HEADER = YES;
				GCC_PREFIX_HEADER = "EXKit/EXKit-Prefix.pch";
				OTHER_LDFLAGS = "-ObjC";
				PRODUCT_NAME = "$(TARGET_NAME)";
				SKIP_INSTALL = YES;
			};
			name = Release;
		};
		16FA9AFD19319A320090D90F /* Debug */ = {
			isa = XCBuildConfiguration;
			buildSettings = {
				FRAMEWORK_SEARCH_PATHS = (
					"$(SDKROOT)/Developer/Library/Frameworks",
					"$(inherited)",
					"$(DEVELOPER_FRAMEWORKS_DIR)",
				);
				GCC_PRECOMPILE_PREFIX_HEADER = YES;
				GCC_PREFIX_HEADER = "EXKit/EXKit-Prefix.pch";
				GCC_PREPROCESSOR_DEFINITIONS = (
					"DEBUG=1",
					"$(inherited)",
				);
				INFOPLIST_FILE = "EXKitTests/EXKitTests-Info.plist";
				PRODUCT_NAME = "$(TARGET_NAME)";
				WRAPPER_EXTENSION = xctest;
			};
			name = Debug;
		};
		16FA9AFE19319A320090D90F /* Release */ = {
			isa = XCBuildConfiguration;
			buildSettings = {
				FRAMEWORK_SEARCH_PATHS = (
					"$(SDKROOT)/Developer/Library/Frameworks",
					"$(inherited)",
					"$(DEVELOPER_FRAMEWORKS_DIR)",
				);
				GCC_PRECOMPILE_PREFIX_HEADER = YES;
				GCC_PREFIX_HEADER = "EXKit/EXKit-Prefix.pch";
				INFOPLIST_FILE = "EXKitTests/EXKitTests-Info.plist";
				PRODUCT_NAME = "$(TARGET_NAME)";
				WRAPPER_EXTENSION = xctest;
			};
			name = Release;
		};
/* End XCBuildConfiguration section */

/* Begin XCConfigurationList section */
		16FA9AD119319A320090D90F /* Build configuration list for PBXProject "EXKit" */ = {
			isa = XCConfigurationList;
			buildConfigurations = (
				16FA9AF719319A320090D90F /* Debug */,
				16FA9AF819319A320090D90F /* Release */,
			);
			defaultConfigurationIsVisible = 0;
			defaultConfigurationName = Release;
		};
		16FA9AF919319A320090D90F /* Build configuration list for PBXNativeTarget "EXKit" */ = {
			isa = XCConfigurationList;
			buildConfigurations = (
				16FA9AFA19319A320090D90F /* Debug */,
				16FA9AFB19319A320090D90F /* Release */,
			);
			defaultConfigurationIsVisible = 0;
			defaultConfigurationName = Release;
		};
		16FA9AFC19319A320090D90F /* Build configuration list for PBXNativeTarget "EXKitTests" */ = {
			isa = XCConfigurationList;
			buildConfigurations = (
				16FA9AFD19319A320090D90F /* Debug */,
				16FA9AFE19319A320090D90F /* Release */,
			);
			defaultConfigurationIsVisible = 0;
			defaultConfigurationName = Release;
		};
/* End XCConfigurationList section */
	};
	rootObject = 16FA9ACE19319A320090D90F /* Project object */;
}
